
Microsoft Visual Studio Solution File, Format Version 12.00
# Visual Studio 15
VisualStudioVersion = 15.0.33026.149
MinimumVisualStudioVersion = 10.0.40219.1
Project("{FAE04EC0-301F-11D3-BF4B-00C04F79EFBC}") = "Abstract", "DEMOCSHARP\Abstract.csproj", "{4628DEF0-72DA-4977-B036-7778A8BBAF52}"
EndProject
Project("{FAE04EC0-301F-11D3-BF4B-00C04F79EFBC}") = "Partialclass", "Partialclass\Partialclass.csproj", "{F96D42D7-19E2-4BC8-847D-22F82EA21739}"
EndProject
Project("{FAE04EC0-301F-11D3-BF4B-00C04F79EFBC}") = "GenaricClass", "GenaricClass\GenaricClass.csproj", "{998FB9E9-DC03-4323-9E09-A0079C734D2C}"
EndProject
Global
	GlobalSection(SolutionConfigurationPlatforms) = preSolution
		Debug|Any CPU = Debug|Any CPU
		Release|Any CPU = Release|Any CPU
	EndGlobalSection
	GlobalSection(ProjectConfigurationPlatforms) = postSolution
		{4628DEF0-72DA-4977-B036-7778A8BBAF52}.Debug|Any CPU.ActiveCfg = Debug|Any CPU
		{4628DEF0-72DA-4977-B036-7778A8BBAF52}.Debug|Any CPU.Build.0 = Debug|Any CPU
		{4628DEF0-72DA-4977-B036-7778A8BBAF52}.Release|Any CPU.ActiveCfg = Release|Any CPU
		{4628DEF0-72DA-4977-B036-7778A8BBAF52}.Release|Any CPU.Build.0 = Release|Any CPU
		{F96D42D7-19E2-4BC8-847D-22F82EA21739}.Debug|Any CPU.ActiveCfg = Debug|Any CPU
		{F96D42D7-19E2-4BC8-847D-22F82EA21739}.Debug|Any CPU.Build.0 = Debug|Any CPU
		{F96D42D7-19E2-4BC8-847D-22F82EA21739}.Release|Any CPU.ActiveCfg = Release|Any CPU
		{F96D42D7-19E2-4BC8-847D-22F82EA21739}.Release|Any CPU.Build.0 = Release|Any CPU
		{998FB9E9-DC03-4323-9E09-A0079C734D2C}.Debug|Any CPU.ActiveCfg = Debug|Any CPU
		{998FB9E9-DC03-4323-9E09-A0079C734D2C}.Debug|Any CPU.Build.0 = Debug|Any CPU
		{998FB9E9-DC03-4323-9E09-A0079C734D2C}.Release|Any CPU.ActiveCfg = Release|Any CPU
		{998FB9E9-DC03-4323-9E09-A0079C734D2C}.Release|Any CPU.Build.0 = Release|Any CPU
	EndGlobalSection
	GlobalSection(SolutionProperties) = preSolution
		HideSolutionNode = FALSE
	EndGlobalSection
	GlobalSection(ExtensibilityGlobals) = postSolution
		SolutionGuid = {0673F48C-1458-4161-9230-7C64EF87395E}
	EndGlobalSection
EndGlobal
